// !$*UTF8*$!
{
	archiveVersion = 1;
	classes = {
	};
	objectVersion = 46;
	objects = {

/* Begin PBXBuildFile section */
		EA30B87F1AFFE35D0081AA98 /* AppDelegate.swift in Sources */ = {isa = PBXBuildFile; fileRef = EA30B87E1AFFE35D0081AA98 /* AppDelegate.swift */; };
		EA30B8811AFFE35D0081AA98 /* MainViewController.swift in Sources */ = {isa = PBXBuildFile; fileRef = EA30B8801AFFE35D0081AA98 /* MainViewController.swift */; };
		EA30B8841AFFE35D0081AA98 /* Main.storyboard in Resources */ = {isa = PBXBuildFile; fileRef = EA30B8821AFFE35D0081AA98 /* Main.storyboard */; };
		EA30B8861AFFE35D0081AA98 /* Images.xcassets in Resources */ = {isa = PBXBuildFile; fileRef = EA30B8851AFFE35D0081AA98 /* Images.xcassets */; };
		EA30B8891AFFE35D0081AA98 /* LaunchScreen.xib in Resources */ = {isa = PBXBuildFile; fileRef = EA30B8871AFFE35D0081AA98 /* LaunchScreen.xib */; };
		EA30B8951AFFE35D0081AA98 /* WhereYouTests.swift in Sources */ = {isa = PBXBuildFile; fileRef = EA30B8941AFFE35D0081AA98 /* WhereYouTests.swift */; };
		EA30B89F1AFFE67D0081AA98 /* ParseHelper.swift in Sources */ = {isa = PBXBuildFile; fileRef = EA30B89E1AFFE67D0081AA98 /* ParseHelper.swift */; };
		EA4A5A6A1B176086006AA23F /* Colours.swift in Sources */ = {isa = PBXBuildFile; fileRef = EA4A5A691B176086006AA23F /* Colours.swift */; };
/* End PBXBuildFile section */

/* Begin PBXContainerItemProxy section */
		EA30B88F1AFFE35D0081AA98 /* PBXContainerItemProxy */ = {
			isa = PBXContainerItemProxy;
			containerPortal = EA30B8711AFFE35D0081AA98 /* Project object */;
			proxyType = 1;
			remoteGlobalIDString = EA30B8781AFFE35D0081AA98;
			remoteInfo = WhereYou;
		};
/* End PBXContainerItemProxy section */

/* Begin PBXFileReference section */
		EA30B8791AFFE35D0081AA98 /* WhereYou.app */ = {isa = PBXFileReference; explicitFileType = wrapper.application; includeInIndex = 0; path = WhereYou.app; sourceTree = BUILT_PRODUCTS_DIR; };
		EA30B87D1AFFE35D0081AA98 /* Info.plist */ = {isa = PBXFileReference; lastKnownFileType = text.plist.xml; path = Info.plist; sourceTree = "<group>"; };
		EA30B87E1AFFE35D0081AA98 /* AppDelegate.swift */ = {isa = PBXFileReference; lastKnownFileType = sourcecode.swift; path = AppDelegate.swift; sourceTree = "<group>"; };
		EA30B8801AFFE35D0081AA98 /* MainViewController.swift */ = {isa = PBXFileReference; lastKnownFileType = sourcecode.swift; path = MainViewController.swift; sourceTree = "<group>"; };
		EA30B8831AFFE35D0081AA98 /* Base */ = {isa = PBXFileReference; lastKnownFileType = file.storyboard; name = Base; path = Base.lproj/Main.storyboard; sourceTree = "<group>"; };
		EA30B8851AFFE35D0081AA98 /* Images.xcassets */ = {isa = PBXFileReference; lastKnownFileType = folder.assetcatalog; path = Images.xcassets; sourceTree = "<group>"; };
		EA30B8881AFFE35D0081AA98 /* Base */ = {isa = PBXFileReference; lastKnownFileType = file.xib; name = Base; path = Base.lproj/LaunchScreen.xib; sourceTree = "<group>"; };
		EA30B88E1AFFE35D0081AA98 /* WhereYouTests.xctest */ = {isa = PBXFileReference; explicitFileType = wrapper.cfbundle; includeInIndex = 0; path = WhereYouTests.xctest; sourceTree = BUILT_PRODUCTS_DIR; };
		EA30B8931AFFE35D0081AA98 /* Info.plist */ = {isa = PBXFileReference; lastKnownFileType = text.plist.xml; path = Info.plist; sourceTree = "<group>"; };
		EA30B8941AFFE35D0081AA98 /* WhereYouTests.swift */ = {isa = PBXFileReference; lastKnownFileType = sourcecode.swift; path = WhereYouTests.swift; sourceTree = "<group>"; };
		EA30B89E1AFFE67D0081AA98 /* ParseHelper.swift */ = {isa = PBXFileReference; fileEncoding = 4; lastKnownFileType = sourcecode.swift; path = ParseHelper.swift; sourceTree = "<group>"; };
		EA4A5A691B176086006AA23F /* Colours.swift */ = {isa = PBXFileReference; fileEncoding = 4; lastKnownFileType = sourcecode.swift; path = Colours.swift; sourceTree = "<group>"; };
/* End PBXFileReference section */

/* Begin PBXFrameworksBuildPhase section */
		EA30B8761AFFE35D0081AA98 /* Frameworks */ = {
			isa = PBXFrameworksBuildPhase;
			buildActionMask = 2147483647;
			files = (
			);
			runOnlyForDeploymentPostprocessing = 0;
		};
		EA30B88B1AFFE35D0081AA98 /* Frameworks */ = {
			isa = PBXFrameworksBuildPhase;
			buildActionMask = 2147483647;
			files = (
			);
			runOnlyForDeploymentPostprocessing = 0;
		};
/* End PBXFrameworksBuildPhase section */

/* Begin PBXGroup section */
		EA30B8701AFFE35D0081AA98 = {
			isa = PBXGroup;
			children = (
				EA30B87B1AFFE35D0081AA98 /* WhereYou */,
				EA30B8911AFFE35D0081AA98 /* WhereYouTests */,
				EA30B87A1AFFE35D0081AA98 /* Products */,
			);
			sourceTree = "<group>";
		};
		EA30B87A1AFFE35D0081AA98 /* Products */ = {
			isa = PBXGroup;
			children = (
				EA30B8791AFFE35D0081AA98 /* WhereYou.app */,
				EA30B88E1AFFE35D0081AA98 /* WhereYouTests.xctest */,
			);
			name = Products;
			sourceTree = "<group>";
		};
		EA30B87B1AFFE35D0081AA98 /* WhereYou */ = {
			isa = PBXGroup;
			children = (
				EA30B8801AFFE35D0081AA98 /* MainViewController.swift */,
				EA30B8821AFFE35D0081AA98 /* Main.storyboard */,
				EA30B89E1AFFE67D0081AA98 /* ParseHelper.swift */,
				EA4A5A691B176086006AA23F /* Colours.swift */,
				EA30B87C1AFFE35D0081AA98 /* Supporting Files */,
			);
			path = WhereYou;
			sourceTree = "<group>";
		};
		EA30B87C1AFFE35D0081AA98 /* Supporting Files */ = {
			isa = PBXGroup;
			children = (
				EA30B87E1AFFE35D0081AA98 /* AppDelegate.swift */,
				EA30B8851AFFE35D0081AA98 /* Images.xcassets */,
				EA30B8871AFFE35D0081AA98 /* LaunchScreen.xib */,
				EA30B87D1AFFE35D0081AA98 /* Info.plist */,
			);
			name = "Supporting Files";
			sourceTree = "<group>";
		};
		EA30B8911AFFE35D0081AA98 /* WhereYouTests */ = {
			isa = PBXGroup;
			children = (
				EA30B8941AFFE35D0081AA98 /* WhereYouTests.swift */,
				EA30B8921AFFE35D0081AA98 /* Supporting Files */,
			);
			path = WhereYouTests;
			sourceTree = "<group>";
		};
		EA30B8921AFFE35D0081AA98 /* Supporting Files */ = {
			isa = PBXGroup;
			children = (
				EA30B8931AFFE35D0081AA98 /* Info.plist */,
			);
			name = "Supporting Files";
			sourceTree = "<group>";
		};
/* End PBXGroup section */

/* Begin PBXNativeTarget section */
		EA30B8781AFFE35D0081AA98 /* WhereYou */ = {
			isa = PBXNativeTarget;
			buildConfigurationList = EA30B8981AFFE35D0081AA98 /* Build configuration list for PBXNativeTarget "WhereYou" */;
			buildPhases = (
				EA30B8751AFFE35D0081AA98 /* Sources */,
				EA30B8761AFFE35D0081AA98 /* Frameworks */,
				EA30B8771AFFE35D0081AA98 /* Resources */,
			);
			buildRules = (
			);
			dependencies = (
			);
			name = WhereYou;
			productName = WhereYou;
			productReference = EA30B8791AFFE35D0081AA98 /* WhereYou.app */;
			productType = "com.apple.product-type.application";
		};
		EA30B88D1AFFE35D0081AA98 /* WhereYouTests */ = {
			isa = PBXNativeTarget;
			buildConfigurationList = EA30B89B1AFFE35D0081AA98 /* Build configuration list for PBXNativeTarget "WhereYouTests" */;
			buildPhases = (
				EA30B88A1AFFE35D0081AA98 /* Sources */,
				EA30B88B1AFFE35D0081AA98 /* Frameworks */,
				EA30B88C1AFFE35D0081AA98 /* Resources */,
			);
			buildRules = (
			);
			dependencies = (
				EA30B8901AFFE35D0081AA98 /* PBXTargetDependency */,
			);
			name = WhereYouTests;
			productName = WhereYouTests;
			productReference = EA30B88E1AFFE35D0081AA98 /* WhereYouTests.xctest */;
			productType = "com.apple.product-type.bundle.unit-test";
		};
/* End PBXNativeTarget section */

/* Begin PBXProject section */
		EA30B8711AFFE35D0081AA98 /* Project object */ = {
			isa = PBXProject;
			attributes = {
				LastUpgradeCheck = 0630;
				ORGANIZATIONNAME = Tony;
				TargetAttributes = {
					EA30B8781AFFE35D0081AA98 = {
						CreatedOnToolsVersion = 6.3.1;
					};
					EA30B88D1AFFE35D0081AA98 = {
						CreatedOnToolsVersion = 6.3.1;
						TestTargetID = EA30B8781AFFE35D0081AA98;
					};
				};
			};
			buildConfigurationList = EA30B8741AFFE35D0081AA98 /* Build configuration list for PBXProject "WhereYou" */;
			compatibilityVersion = "Xcode 3.2";
			developmentRegion = English;
			hasScannedForEncodings = 0;
			knownRegions = (
				en,
				Base,
			);
			mainGroup = EA30B8701AFFE35D0081AA98;
			productRefGroup = EA30B87A1AFFE35D0081AA98 /* Products */;
			projectDirPath = "";
			projectRoot = "";
			targets = (
				EA30B8781AFFE35D0081AA98 /* WhereYou */,
				EA30B88D1AFFE35D0081AA98 /* WhereYouTests */,
			);
		};
/* End PBXProject section */

/* Begin PBXResourcesBuildPhase section */
		EA30B8771AFFE35D0081AA98 /* Resources */ = {
			isa = PBXResourcesBuildPhase;
			buildActionMask = 2147483647;
			files = (
				EA30B8841AFFE35D0081AA98 /* Main.storyboard in Resources */,
				EA30B8891AFFE35D0081AA98 /* LaunchScreen.xib in Resources */,
				EA30B8861AFFE35D0081AA98 /* Images.xcassets in Resources */,
			);
			runOnlyForDeploymentPostprocessing = 0;
		};
		EA30B88C1AFFE35D0081AA98 /* Resources */ = {
			isa = PBXResourcesBuildPhase;
			buildActionMask = 2147483647;
			files = (
			);
			runOnlyForDeploymentPostprocessing = 0;
		};
/* End PBXResourcesBuildPhase section */

/* Begin PBXSourcesBuildPhase section */
		EA30B8751AFFE35D0081AA98 /* Sources */ = {
			isa = PBXSourcesBuildPhase;
			buildActionMask = 2147483647;
			files = (
				EA30B8811AFFE35D0081AA98 /* MainViewController.swift in Sources */,
				EA30B87F1AFFE35D0081AA98 /* AppDelegate.swift in Sources */,
				EA30B89F1AFFE67D0081AA98 /* ParseHelper.swift in Sources */,
				EA4A5A6A1B176086006AA23F /* Colours.swift in Sources */,
			);
			runOnlyForDeploymentPostprocessing = 0;
		};
		EA30B88A1AFFE35D0081AA98 /* Sources */ = {
			isa = PBXSourcesBuildPhase;
			buildActionMask = 2147483647;
			files = (
				EA30B8951AFFE35D0081AA98 /* WhereYouTests.swift in Sources */,
			);
			runOnlyForDeploymentPostprocessing = 0;
		};
/* End PBXSourcesBuildPhase section */

/* Begin PBXTargetDependency section */
		EA30B8901AFFE35D0081AA98 /* PBXTargetDependency */ = {
			isa = PBXTargetDependency;
			target = EA30B8781AFFE35D0081AA98 /* WhereYou */;
			targetProxy = EA30B88F1AFFE35D0081AA98 /* PBXContainerItemProxy */;
		};
/* End PBXTargetDependency section */

/* Begin PBXVariantGroup section */
		EA30B8821AFFE35D0081AA98 /* Main.storyboard */ = {
			isa = PBXVariantGroup;
			children = (
				EA30B8831AFFE35D0081AA98 /* Base */,
			);
			name = Main.storyboard;
			sourceTree = "<group>";
		};
		EA30B8871AFFE35D0081AA98 /* LaunchScreen.xib */ = {
			isa = PBXVariantGroup;
			children = (
				EA30B8881AFFE35D0081AA98 /* Base */,
			);
			name = LaunchScreen.xib;
			sourceTree = "<group>";
		};
/* End PBXVariantGroup section */

/* Begin XCBuildConfiguration section */
		EA30B8961AFFE35D0081AA98 /* Debug */ = {
			isa = XCBuildConfiguration;
			buildSettings = {
				ALWAYS_SEARCH_USER_PATHS = NO;
				CLANG_CXX_LANGUAGE_STANDARD = "gnu++0x";
				CLANG_CXX_LIBRARY = "libc++";
				CLANG_ENABLE_MODULES = YES;
				CLANG_ENABLE_OBJC_ARC = YES;
				CLANG_WARN_BOOL_CONVERSION = YES;
				CLANG_WARN_CONSTANT_CONVERSION = YES;
				CLANG_WARN_DIRECT_OBJC_ISA_USAGE = YES_ERROR;
				CLANG_WARN_EMPTY_BODY = YES;
				CLANG_WARN_ENUM_CONVERSION = YES;
				CLANG_WARN_INT_CONVERSION = YES;
				CLANG_WARN_OBJC_ROOT_CLASS = YES_ERROR;
				CLANG_WARN_UNREACHABLE_CODE = YES;
				CLANG_WARN__DUPLICATE_METHOD_MATCH = YES;
				"CODE_SIGN_IDENTITY[sdk=iphoneos*]" = "iPhone Developer";
				COPY_PHASE_STRIP = NO;
				DEBUG_INFORMATION_FORMAT = "dwarf-with-dsym";
				ENABLE_STRICT_OBJC_MSGSEND = YES;
				GCC_C_LANGUAGE_STANDARD = gnu99;
				GCC_DYNAMIC_NO_PIC = NO;
				GCC_NO_COMMON_BLOCKS = YES;
				GCC_OPTIMIZATION_LEVEL = 0;
				GCC_PREPROCESSOR_DEFINITIONS = (
					"DEBUG=1",
					"$(inherited)",
				);
				GCC_SYMBOLS_PRIVATE_EXTERN = NO;
				GCC_WARN_64_TO_32_BIT_CONVERSION = YES;
				GCC_WARN_ABOUT_RETURN_TYPE = YES_ERROR;
				GCC_WARN_UNDECLARED_SELECTOR = YES;
				GCC_WARN_UNINITIALIZED_AUTOS = YES_AGGRESSIVE;
				GCC_WARN_UNUSED_FUNCTION = YES;
				GCC_WARN_UNUSED_VARIABLE = YES;
				IPHONEOS_DEPLOYMENT_TARGET = 8.3;
				MTL_ENABLE_DEBUG_INFO = YES;
				ONLY_ACTIVE_ARCH = YES;
				SDKROOT = iphoneos;
				SWIFT_OPTIMIZATION_LEVEL = "-Onone";
			};
			name = Debug;
		};
		EA30B8971AFFE35D0081AA98 /* Release */ = {
			isa = XCBuildConfiguration;
			buildSettings = {
				ALWAYS_SEARCH_USER_PATHS = NO;
				CLANG_CXX_LANGUAGE_STANDARD = "gnu++0x";
				CLANG_CXX_LIBRARY = "libc++";
				CLANG_ENABLE_MODULES = YES;
				CLANG_ENABLE_OBJC_ARC = YES;
				CLANG_WARN_BOOL_CONVERSION = YES;
				CLANG_WARN_CONSTANT_CONVERSION = YES;
				CLANG_WARN_DIRECT_OBJC_ISA_USAGE = YES_ERROR;
				CLANG_WARN_EMPTY_BODY = YES;
				CLANG_WARN_ENUM_CONVERSION = YES;
				CLANG_WARN_INT_CONVERSION = YES;
				CLANG_WARN_OBJC_ROOT_CLASS = YES_ERROR;
				CLANG_WARN_UNREACHABLE_CODE = YES;
				CLANG_WARN__DUPLICATE_METHOD_MATCH = YES;
				"CODE_SIGN_IDENTITY[sdk=iphoneos*]" = "iPhone Developer";
				COPY_PHASE_STRIP = NO;
				DEBUG_INFORMATION_FORMAT = "dwarf-with-dsym";
				ENABLE_NS_ASSERTIONS = NO;
				ENABLE_STRICT_OBJC_MSGSEND = YES;
				GCC_C_LANGUAGE_STANDARD = gnu99;
				GCC_NO_COMMON_BLOCKS = YES;
				GCC_WARN_64_TO_32_BIT_CONVERSION = YES;
				GCC_WARN_ABOUT_RETURN_TYPE = YES_ERROR;
				GCC_WARN_UNDECLARED_SELECTOR = YES;
				GCC_WARN_UNINITIALIZED_AUTOS = YES_AGGRESSIVE;
				GCC_WARN_UNUSED_FUNCTION = YES;
				GCC_WARN_UNUSED_VARIABLE = YES;
				IPHONEOS_DEPLOYMENT_TARGET = 8.3;
				MTL_ENABLE_DEBUG_INFO = NO;
				SDKROOT = iphoneos;
				VALIDATE_PRODUCT = YES;
			};
			name = Release;
		};
		EA30B8991AFFE35D0081AA98 /* Debug */ = {
			isa = XCBuildConfiguration;
			buildSettings = {
				ASSETCATALOG_COMPILER_APPICON_NAME = AppIcon;
				INFOPLIST_FILE = WhereYou/Info.plist;
				LD_RUNPATH_SEARCH_PATHS = "$(inherited) @executable_path/Frameworks";
				PRODUCT_NAME = "$(TARGET_NAME)";
			};
			name = Debug;
		};
		EA30B89A1AFFE35D0081AA98 /* Release */ = {
			isa = XCBuildConfiguration;
			buildSettings = {
				ASSETCATALOG_COMPILER_APPICON_NAME = AppIcon;
				INFOPLIST_FILE = WhereYou/Info.plist;
				LD_RUNPATH_SEARCH_PATHS = "$(inherited) @executable_path/Frameworks";
				PRODUCT_NAME = "$(TARGET_NAME)";
			};
			name = Release;
		};
		EA30B89C1AFFE35D0081AA98 /* Debug */ = {
			isa = XCBuildConfiguration;
			buildSettings = {
				BUNDLE_LOADER = "$(TEST_HOST)";
				FRAMEWORK_SEARCH_PATHS = (
					"$(SDKROOT)/Developer/Library/Frameworks",
					"$(inherited)",
				);
				GCC_PREPROCESSOR_DEFINITIONS = (
					"DEBUG=1",
					"$(inherited)",
				);
				INFOPLIST_FILE = WhereYouTests/Info.plist;
				LD_RUNPATH_SEARCH_PATHS = "$(inherited) @executable_path/Frameworks @loader_path/Frameworks";
				PRODUCT_NAME = "$(TARGET_NAME)";
				TEST_HOST = "$(BUILT_PRODUCTS_DIR)/WhereYou.app/WhereYou";
			};
			name = Debug;
		};
		EA30B89D1AFFE35D0081AA98 /* Release */ = {
			isa = XCBuildConfiguration;
			buildSettings = {
				BUNDLE_LOADER = "$(TEST_HOST)";
				FRAMEWORK_SEARCH_PATHS = (
					"$(SDKROOT)/Developer/Library/Frameworks",
					"$(inherited)",
				);
				INFOPLIST_FILE = WhereYouTests/Info.plist;
				LD_RUNPATH_SEARCH_PATHS = "$(inherited) @executable_path/Frameworks @loader_path/Frameworks";
				PRODUCT_NAME = "$(TARGET_NAME)";
				TEST_HOST = "$(BUILT_PRODUCTS_DIR)/WhereYou.app/WhereYou";
			};
			name = Release;
		};
/* End XCBuildConfiguration section */

/* Begin XCConfigurationList section */
		EA30B8741AFFE35D0081AA98 /* Build configuration list for PBXProject "WhereYou" */ = {
			isa = XCConfigurationList;
			buildConfigurations = (
				EA30B8961AFFE35D0081AA98 /* Debug */,
				EA30B8971AFFE35D0081AA98 /* Release */,
			);
			defaultConfigurationIsVisible = 0;
			defaultConfigurationName = Release;
		};
		EA30B8981AFFE35D0081AA98 /* Build configuration list for PBXNativeTarget "WhereYou" */ = {
			isa = XCConfigurationList;
			buildConfigurations = (
				EA30B8991AFFE35D0081AA98 /* Debug */,
				EA30B89A1AFFE35D0081AA98 /* Release */,
			);
			defaultConfigurationIsVisible = 0;
			defaultConfigurationName = Release;
		};
		EA30B89B1AFFE35D0081AA98 /* Build configuration list for PBXNativeTarget "WhereYouTests" */ = {
			isa = XCConfigurationList;
			buildConfigurations = (
				EA30B89C1AFFE35D0081AA98 /* Debug */,
				EA30B89D1AFFE35D0081AA98 /* Release */,
			);
			defaultConfigurationIsVisible = 0;
			defaultConfigurationName = Release;
		};
/* End XCConfigurationList section */
	};
	rootObject = EA30B8711AFFE35D0081AA98 /* Project object */;
}
