PODS:
  - Bolts/Tasks (1.2.0)
  - GoogleMaps (1.10.0)
  - Parse (1.7.4):
    - Bolts/Tasks (>= 1.1.5)

DEPENDENCIES:
  - GoogleMaps
  - Parse

SPEC CHECKSUMS:
  Bolts: d176cb1e0012175589e389a9db49b85e27787576
  GoogleMaps: 8eafd25b658a6401ca45a185700716c4a9e9edf2
  Parse: 6ca512c6e860b66739c95151b2f76ac4712b7842

COCOAPODS: 0.37.2
